
Microsoft Visual Studio Solution File, Format Version 12.00
# Visual Studio Version 17
VisualStudioVersion = 17.3.32819.101
MinimumVisualStudioVersion = 10.0.40219.1
Project("{FAE04EC0-301F-11D3-BF4B-00C04F79EFBC}") = "TipCalculator", "TipCalculator\TipCalculator.csproj", "{F5605FA3-F99E-47E1-AECB-0CDF7B88EB0E}"
EndProject
Global
	GlobalSection(SolutionConfigurationPlatforms) = preSolution
		Debug|Any CPU = Debug|Any CPU
		Release|Any CPU = Release|Any CPU
	EndGlobalSection
	GlobalSection(ProjectConfigurationPlatforms) = postSolution
		{F5605FA3-F99E-47E1-AECB-0CDF7B88EB0E}.Debug|Any CPU.ActiveCfg = Debug|Any CPU
		{F5605FA3-F99E-47E1-AECB-0CDF7B88EB0E}.Debug|Any CPU.Build.0 = Debug|Any CPU
		{F5605FA3-F99E-47E1-AECB-0CDF7B88EB0E}.Release|Any CPU.ActiveCfg = Release|Any CPU
		{F5605FA3-F99E-47E1-AECB-0CDF7B88EB0E}.Release|Any CPU.Build.0 = Release|Any CPU
	EndGlobalSection
	GlobalSection(SolutionProperties) = preSolution
		HideSolutionNode = FALSE
	EndGlobalSection
	GlobalSection(ExtensibilityGlobals) = postSolution
		SolutionGuid = {774277AB-3EF3-4E32-AE91-99EF84469D89}
	EndGlobalSection
EndGlobal
